
Microsoft Visual Studio Solution File, Format Version 12.00
# Visual Studio Version 17
VisualStudioVersion = 17.14.36221.1 d17.14
MinimumVisualStudioVersion = 10.0.40219.1
Project("{FAE04EC0-301F-11D3-BF4B-00C04F79EFBC}") = "RoRR", "RoRR\RoRR.csproj", "{56318655-AC41-4BBB-9510-2AAAB64DADF7}"
EndProject
Global
	GlobalSection(SolutionConfigurationPlatforms) = preSolution
		Debug|Any CPU = Debug|Any CPU
		Release|Any CPU = Release|Any CPU
	EndGlobalSection
	GlobalSection(ProjectConfigurationPlatforms) = postSolution
		{56318655-AC41-4BBB-9510-2AAAB64DADF7}.Debug|Any CPU.ActiveCfg = Debug|Any CPU
		{56318655-AC41-4BBB-9510-2AAAB64DADF7}.Debug|Any CPU.Build.0 = Debug|Any CPU
		{56318655-AC41-4BBB-9510-2AAAB64DADF7}.Release|Any CPU.ActiveCfg = Release|Any CPU
		{56318655-AC41-4BBB-9510-2AAAB64DADF7}.Release|Any CPU.Build.0 = Release|Any CPU
	EndGlobalSection
	GlobalSection(SolutionProperties) = preSolution
		HideSolutionNode = FALSE
	EndGlobalSection
	GlobalSection(ExtensibilityGlobals) = postSolution
		SolutionGuid = {236C585F-CAF0-4C58-997C-A9B6BEF8F851}
	EndGlobalSection
EndGlobal
